
Microsoft Visual Studio Solution File, Format Version 11.00
# Visual Studio 2010
Project("{6989167D-11E4-40FE-8C1A-2192A86A7E90}") = "Factory-final", "Factory-final\Factory-final.vfproj", "{B8CDB4A6-121F-4031-A177-4AF2B9BF922A}"
EndProject
Global
	GlobalSection(SolutionConfigurationPlatforms) = preSolution
		Debug|Win32 = Debug|Win32
		Release|Win32 = Release|Win32
	EndGlobalSection
	GlobalSection(ProjectConfigurationPlatforms) = postSolution
		{B8CDB4A6-121F-4031-A177-4AF2B9BF922A}.Debug|Win32.ActiveCfg = Debug|Win32
		{B8CDB4A6-121F-4031-A177-4AF2B9BF922A}.Debug|Win32.Build.0 = Debug|Win32
		{B8CDB4A6-121F-4031-A177-4AF2B9BF922A}.Release|Win32.ActiveCfg = Release|Win32
		{B8CDB4A6-121F-4031-A177-4AF2B9BF922A}.Release|Win32.Build.0 = Release|Win32
	EndGlobalSection
	GlobalSection(SolutionProperties) = preSolution
		HideSolutionNode = FALSE
	EndGlobalSection
EndGlobal
