
Microsoft Visual Studio Solution File, Format Version 12.00
# Visual Studio Version 16
VisualStudioVersion = 16.0.31911.196
MinimumVisualStudioVersion = 10.0.40219.1
Project("{2150E333-8FDC-42A3-9474-1A3956D46DE8}") = "Adapter", "Adapter", "{AF5FDBF9-C9C6-457D-BDB3-86712F16819A}"
EndProject
Project("{6989167D-11E4-40FE-8C1A-2192A86A7E90}") = "Adapter", "Adapter\Adapter.vfproj", "{9C066E1E-8900-46CF-B3EE-3C3ABB6B2C41}"
EndProject
Project("{2150E333-8FDC-42A3-9474-1A3956D46DE8}") = "CSharp", "CSharp", "{33FE1B1D-83BA-482F-837F-3C0E85A03347}"
EndProject
Project("{9A19103F-16F7-4668-BE54-9A1E7A4F7556}") = "CSharp", "CSharp\CSharp.csproj", "{A7F1AB06-937D-4EF1-8423-7B621A295C73}"
EndProject
Project("{2150E333-8FDC-42A3-9474-1A3956D46DE8}") = "Fortran", "Fortran", "{663F0B28-88EE-4F1B-873E-134BC66E75DE}"
EndProject
Project("{6989167D-11E4-40FE-8C1A-2192A86A7E90}") = "Fortran", "Fortran\Fortran.vfproj", "{2BC09B2A-DFA9-4BDB-A368-E339B620AA1D}"
EndProject
Project("{2150E333-8FDC-42A3-9474-1A3956D46DE8}") = "Cpp", "Cpp", "{C4D5C4C0-D814-4B0C-BBBF-476AE25ECA7E}"
EndProject
Project("{8BC9CEB8-8B4A-11D0-8D11-00A0C91BC942}") = "Cpp", "Cpp\Cpp.vcxproj", "{CFD0529B-C0C2-4B03-BAF0-6046C7D88C17}"
EndProject
Project("{2150E333-8FDC-42A3-9474-1A3956D46DE8}") = "Python", "Python", "{9D424743-C2CD-4FEC-9F6E-D503784FA420}"
EndProject
Project("{888888A0-9F3D-457C-B088-3A5042F75D52}") = "Python", "Python\Python.pyproj", "{F0F5BFD8-6150-4AAD-A7C8-B6AD4C0B40FB}"
EndProject
Global
	GlobalSection(SolutionConfigurationPlatforms) = preSolution
		Debug|Any CPU = Debug|Any CPU
		Debug|x64 = Debug|x64
		Debug|x86 = Debug|x86
		Release|Any CPU = Release|Any CPU
		Release|x64 = Release|x64
		Release|x86 = Release|x86
	EndGlobalSection
	GlobalSection(ProjectConfigurationPlatforms) = postSolution
		{9C066E1E-8900-46CF-B3EE-3C3ABB6B2C41}.Debug|Any CPU.ActiveCfg = Debug|Win32
		{9C066E1E-8900-46CF-B3EE-3C3ABB6B2C41}.Debug|x64.ActiveCfg = Debug|x64
		{9C066E1E-8900-46CF-B3EE-3C3ABB6B2C41}.Debug|x64.Build.0 = Debug|x64
		{9C066E1E-8900-46CF-B3EE-3C3ABB6B2C41}.Debug|x86.ActiveCfg = Debug|Win32
		{9C066E1E-8900-46CF-B3EE-3C3ABB6B2C41}.Debug|x86.Build.0 = Debug|Win32
		{9C066E1E-8900-46CF-B3EE-3C3ABB6B2C41}.Release|Any CPU.ActiveCfg = Release|Win32
		{9C066E1E-8900-46CF-B3EE-3C3ABB6B2C41}.Release|x64.ActiveCfg = Release|x64
		{9C066E1E-8900-46CF-B3EE-3C3ABB6B2C41}.Release|x64.Build.0 = Release|x64
		{9C066E1E-8900-46CF-B3EE-3C3ABB6B2C41}.Release|x86.ActiveCfg = Release|Win32
		{9C066E1E-8900-46CF-B3EE-3C3ABB6B2C41}.Release|x86.Build.0 = Release|Win32
		{A7F1AB06-937D-4EF1-8423-7B621A295C73}.Debug|Any CPU.ActiveCfg = Debug|Any CPU
		{A7F1AB06-937D-4EF1-8423-7B621A295C73}.Debug|Any CPU.Build.0 = Debug|Any CPU
		{A7F1AB06-937D-4EF1-8423-7B621A295C73}.Debug|x64.ActiveCfg = Debug|Any CPU
		{A7F1AB06-937D-4EF1-8423-7B621A295C73}.Debug|x64.Build.0 = Debug|Any CPU
		{A7F1AB06-937D-4EF1-8423-7B621A295C73}.Debug|x86.ActiveCfg = Debug|Any CPU
		{A7F1AB06-937D-4EF1-8423-7B621A295C73}.Debug|x86.Build.0 = Debug|Any CPU
		{A7F1AB06-937D-4EF1-8423-7B621A295C73}.Release|Any CPU.ActiveCfg = Release|Any CPU
		{A7F1AB06-937D-4EF1-8423-7B621A295C73}.Release|Any CPU.Build.0 = Release|Any CPU
		{A7F1AB06-937D-4EF1-8423-7B621A295C73}.Release|x64.ActiveCfg = Release|Any CPU
		{A7F1AB06-937D-4EF1-8423-7B621A295C73}.Release|x64.Build.0 = Release|Any CPU
		{A7F1AB06-937D-4EF1-8423-7B621A295C73}.Release|x86.ActiveCfg = Release|Any CPU
		{A7F1AB06-937D-4EF1-8423-7B621A295C73}.Release|x86.Build.0 = Release|Any CPU
		{2BC09B2A-DFA9-4BDB-A368-E339B620AA1D}.Debug|Any CPU.ActiveCfg = Debug|Win32
		{2BC09B2A-DFA9-4BDB-A368-E339B620AA1D}.Debug|x64.ActiveCfg = Debug|x64
		{2BC09B2A-DFA9-4BDB-A368-E339B620AA1D}.Debug|x64.Build.0 = Debug|x64
		{2BC09B2A-DFA9-4BDB-A368-E339B620AA1D}.Debug|x86.ActiveCfg = Debug|Win32
		{2BC09B2A-DFA9-4BDB-A368-E339B620AA1D}.Debug|x86.Build.0 = Debug|Win32
		{2BC09B2A-DFA9-4BDB-A368-E339B620AA1D}.Release|Any CPU.ActiveCfg = Release|Win32
		{2BC09B2A-DFA9-4BDB-A368-E339B620AA1D}.Release|x64.ActiveCfg = Release|x64
		{2BC09B2A-DFA9-4BDB-A368-E339B620AA1D}.Release|x64.Build.0 = Release|x64
		{2BC09B2A-DFA9-4BDB-A368-E339B620AA1D}.Release|x86.ActiveCfg = Release|Win32
		{2BC09B2A-DFA9-4BDB-A368-E339B620AA1D}.Release|x86.Build.0 = Release|Win32
		{CFD0529B-C0C2-4B03-BAF0-6046C7D88C17}.Debug|Any CPU.ActiveCfg = Debug|Win32
		{CFD0529B-C0C2-4B03-BAF0-6046C7D88C17}.Debug|x64.ActiveCfg = Debug|x64
		{CFD0529B-C0C2-4B03-BAF0-6046C7D88C17}.Debug|x64.Build.0 = Debug|x64
		{CFD0529B-C0C2-4B03-BAF0-6046C7D88C17}.Debug|x86.ActiveCfg = Debug|Win32
		{CFD0529B-C0C2-4B03-BAF0-6046C7D88C17}.Debug|x86.Build.0 = Debug|Win32
		{CFD0529B-C0C2-4B03-BAF0-6046C7D88C17}.Release|Any CPU.ActiveCfg = Release|Win32
		{CFD0529B-C0C2-4B03-BAF0-6046C7D88C17}.Release|x64.ActiveCfg = Release|x64
		{CFD0529B-C0C2-4B03-BAF0-6046C7D88C17}.Release|x64.Build.0 = Release|x64
		{CFD0529B-C0C2-4B03-BAF0-6046C7D88C17}.Release|x86.ActiveCfg = Release|Win32
		{CFD0529B-C0C2-4B03-BAF0-6046C7D88C17}.Release|x86.Build.0 = Release|Win32
		{F0F5BFD8-6150-4AAD-A7C8-B6AD4C0B40FB}.Debug|Any CPU.ActiveCfg = Debug|Any CPU
		{F0F5BFD8-6150-4AAD-A7C8-B6AD4C0B40FB}.Debug|x64.ActiveCfg = Debug|Any CPU
		{F0F5BFD8-6150-4AAD-A7C8-B6AD4C0B40FB}.Debug|x86.ActiveCfg = Debug|Any CPU
		{F0F5BFD8-6150-4AAD-A7C8-B6AD4C0B40FB}.Release|Any CPU.ActiveCfg = Release|Any CPU
		{F0F5BFD8-6150-4AAD-A7C8-B6AD4C0B40FB}.Release|x64.ActiveCfg = Release|Any CPU
		{F0F5BFD8-6150-4AAD-A7C8-B6AD4C0B40FB}.Release|x86.ActiveCfg = Release|Any CPU
	EndGlobalSection
	GlobalSection(SolutionProperties) = preSolution
		HideSolutionNode = FALSE
	EndGlobalSection
	GlobalSection(NestedProjects) = preSolution
		{9C066E1E-8900-46CF-B3EE-3C3ABB6B2C41} = {AF5FDBF9-C9C6-457D-BDB3-86712F16819A}
		{A7F1AB06-937D-4EF1-8423-7B621A295C73} = {33FE1B1D-83BA-482F-837F-3C0E85A03347}
		{2BC09B2A-DFA9-4BDB-A368-E339B620AA1D} = {663F0B28-88EE-4F1B-873E-134BC66E75DE}
		{CFD0529B-C0C2-4B03-BAF0-6046C7D88C17} = {C4D5C4C0-D814-4B0C-BBBF-476AE25ECA7E}
		{F0F5BFD8-6150-4AAD-A7C8-B6AD4C0B40FB} = {9D424743-C2CD-4FEC-9F6E-D503784FA420}
	EndGlobalSection
	GlobalSection(ExtensibilityGlobals) = postSolution
		SolutionGuid = {49B5C80B-596F-49B0-9E55-DF68ECA84C0D}
	EndGlobalSection
EndGlobal
